<?xml version="1.0" encoding="UTF-8" standalone="yes" ?>
<CodeBlocks_project_file>
	<FileVersion major="1" minor="6" />
	<Project>
		<Option title="TraceAdjust" />
		<Option pch_mode="2" />
		<Option compiler="gnu_gcc_compiler3264bit_tdm-gcc-64" />
		<Build>
			<Target title="Release">
				<Option output="bin/Release/TraceAdjust" prefix_auto="1" extension_auto="1" />
				<Option object_output="obj/Release/" />
				<Option type="1" />
				<Option compiler="gnu_gcc_compiler3264bit_tdm-gcc-64" />
				<Option parameters="c:\test_trace.trc" />
				<Compiler>
					<Add directory="include" />
				</Compiler>
			</Target>
		</Build>
		<Compiler>
			<Add option="-w" />
			<Add option="-std=c++14" />
		</Compiler>
		<Unit filename="include/TraceAdjust.h" />
		<Unit filename="src/TraceAdjust.cpp" />
		<Extensions>
			<code_completion />
			<envvars />
			<debugger />
			<lib_finder disable_auto="1" />
		</Extensions>
	</Project>
</CodeBlocks_project_file>
